
Microsoft Visual Studio Solution File, Format Version 12.00
# Visual Studio Version 16
VisualStudioVersion = 16.0.28803.352
MinimumVisualStudioVersion = 10.0.40219.1
Project("{FAE04EC0-301F-11D3-BF4B-00C04F79EFBC}") = "SentimentAnalysis.API", "src\Services\SentimentAnalysis\SentimentAnalysis.API\SentimentAnalysis.API.csproj", "{ADAAC08B-F4A3-42EE-B4F0-51C7141A9ECF}"
EndProject
Project("{2150E333-8FDC-42A3-9474-1A3956D46DE8}") = "Services", "Services", "{C185A4FE-60A3-47F0-9910-A9CDD60CA5B4}"
EndProject
Global
	GlobalSection(SolutionConfigurationPlatforms) = preSolution
		Debug|Any CPU = Debug|Any CPU
		Release|Any CPU = Release|Any CPU
	EndGlobalSection
	GlobalSection(ProjectConfigurationPlatforms) = postSolution
		{ADAAC08B-F4A3-42EE-B4F0-51C7141A9ECF}.Debug|Any CPU.ActiveCfg = Debug|Any CPU
		{ADAAC08B-F4A3-42EE-B4F0-51C7141A9ECF}.Debug|Any CPU.Build.0 = Debug|Any CPU
		{ADAAC08B-F4A3-42EE-B4F0-51C7141A9ECF}.Release|Any CPU.ActiveCfg = Release|Any CPU
		{ADAAC08B-F4A3-42EE-B4F0-51C7141A9ECF}.Release|Any CPU.Build.0 = Release|Any CPU
	EndGlobalSection
	GlobalSection(SolutionProperties) = preSolution
		HideSolutionNode = FALSE
	EndGlobalSection
	GlobalSection(NestedProjects) = preSolution
		{ADAAC08B-F4A3-42EE-B4F0-51C7141A9ECF} = {C185A4FE-60A3-47F0-9910-A9CDD60CA5B4}
	EndGlobalSection
	GlobalSection(ExtensibilityGlobals) = postSolution
		SolutionGuid = {865BD7C1-76BF-4D88-9EBD-32D3E825CF1A}
	EndGlobalSection
EndGlobal
